
Microsoft Visual Studio Solution File, Format Version 12.00
# Visual Studio Version 17
VisualStudioVersion = 17.8.34330.188
MinimumVisualStudioVersion = 10.0.40219.1
Project("{FAE04EC0-301F-11D3-BF4B-00C04F79EFBC}") = "testing 2", "testing 2\testing 2.csproj", "{49F6CC10-2E41-4FFA-9E3F-5D2779030B28}"
EndProject
Global
	GlobalSection(SolutionConfigurationPlatforms) = preSolution
		Debug|Any CPU = Debug|Any CPU
		Release|Any CPU = Release|Any CPU
	EndGlobalSection
	GlobalSection(ProjectConfigurationPlatforms) = postSolution
		{49F6CC10-2E41-4FFA-9E3F-5D2779030B28}.Debug|Any CPU.ActiveCfg = Debug|Any CPU
		{49F6CC10-2E41-4FFA-9E3F-5D2779030B28}.Debug|Any CPU.Build.0 = Debug|Any CPU
		{49F6CC10-2E41-4FFA-9E3F-5D2779030B28}.Release|Any CPU.ActiveCfg = Release|Any CPU
		{49F6CC10-2E41-4FFA-9E3F-5D2779030B28}.Release|Any CPU.Build.0 = Release|Any CPU
	EndGlobalSection
	GlobalSection(SolutionProperties) = preSolution
		HideSolutionNode = FALSE
	EndGlobalSection
	GlobalSection(ExtensibilityGlobals) = postSolution
		SolutionGuid = {C22CA016-AE3D-4F08-B5D8-BAB397E92AD3}
	EndGlobalSection
EndGlobal
